PODS:
  - FlexiblePageControl (1.0.7)
  - Mapbox-iOS-SDK (4.6.0)

DEPENDENCIES:
  - FlexiblePageControl
  - Mapbox-iOS-SDK (~> 4.5)

SPEC REPOS:
  https://github.com/cocoapods/specs.git:
    - FlexiblePageControl
    - Mapbox-iOS-SDK

SPEC CHECKSUMS:
  FlexiblePageControl: 2ce8446da3d75df6432dbad7b9e19151629dae62
  Mapbox-iOS-SDK: 204c04713477cf2a88c52c5a8eed1790eb75a02a

PODFILE CHECKSUM: a3f92bf74670a40668cace676343e74bc4915630

COCOAPODS: 1.5.2
